
Microsoft Visual Studio Solution File, Format Version 12.00
# Visual Studio Version 16
VisualStudioVersion = 16.0.30011.22
MinimumVisualStudioVersion = 10.0.40219.1
Project("{8BC9CEB8-8B4A-11D0-8D11-00A0C91BC942}") = "hikvision-decrypter", "hikvision-decrypter\hikvision-decrypter.vcxproj", "{EA0EE2B3-7171-47C3-A348-9F5ADC1D9F8F}"
EndProject
Global
	GlobalSection(SolutionConfigurationPlatforms) = preSolution
		Debug|x64 = Debug|x64
		Debug|x86 = Debug|x86
		Release|x64 = Release|x64
		Release|x86 = Release|x86
	EndGlobalSection
	GlobalSection(ProjectConfigurationPlatforms) = postSolution
		{EA0EE2B3-7171-47C3-A348-9F5ADC1D9F8F}.Debug|x64.ActiveCfg = Debug|x64
		{EA0EE2B3-7171-47C3-A348-9F5ADC1D9F8F}.Debug|x64.Build.0 = Debug|x64
		{EA0EE2B3-7171-47C3-A348-9F5ADC1D9F8F}.Debug|x86.ActiveCfg = Debug|Win32
		{EA0EE2B3-7171-47C3-A348-9F5ADC1D9F8F}.Debug|x86.Build.0 = Debug|Win32
		{EA0EE2B3-7171-47C3-A348-9F5ADC1D9F8F}.Release|x64.ActiveCfg = Release|x64
		{EA0EE2B3-7171-47C3-A348-9F5ADC1D9F8F}.Release|x64.Build.0 = Release|x64
		{EA0EE2B3-7171-47C3-A348-9F5ADC1D9F8F}.Release|x86.ActiveCfg = Release|Win32
		{EA0EE2B3-7171-47C3-A348-9F5ADC1D9F8F}.Release|x86.Build.0 = Release|Win32
	EndGlobalSection
	GlobalSection(SolutionProperties) = preSolution
		HideSolutionNode = FALSE
	EndGlobalSection
	GlobalSection(ExtensibilityGlobals) = postSolution
		SolutionGuid = {925002F3-4832-46DF-AECC-87236FA2E1B2}
	EndGlobalSection
EndGlobal
